// !$*UTF8*$!
{
	archiveVersion = 1;
	classes = {
	};
	objectVersion = 55;
	objects = {

/* Begin PBXBuildFile section */
		1B640BD6868BFFE77F4F19D7 /* Pods_Challenge_ChallengeUITests.framework in Frameworks */ = {isa = PBXBuildFile; fileRef = 0079BCA21D1BBC0723CBC565 /* Pods_Challenge_ChallengeUITests.framework */; };
		6273637928FA13E20022EA8E /* AppDelegate.swift in Sources */ = {isa = PBXBuildFile; fileRef = 6273637828FA13E20022EA8E /* AppDelegate.swift */; };
		6273637B28FA13E20022EA8E /* SceneDelegate.swift in Sources */ = {isa = PBXBuildFile; fileRef = 6273637A28FA13E20022EA8E /* SceneDelegate.swift */; };
		6273638228FA13E40022EA8E /* Assets.xcassets in Resources */ = {isa = PBXBuildFile; fileRef = 6273638128FA13E40022EA8E /* Assets.xcassets */; };
		6273638528FA13E40022EA8E /* LaunchScreen.storyboard in Resources */ = {isa = PBXBuildFile; fileRef = 6273638328FA13E40022EA8E /* LaunchScreen.storyboard */; };
		6273639A28FA13E50022EA8E /* ChallengeUITests.swift in Sources */ = {isa = PBXBuildFile; fileRef = 6273639928FA13E50022EA8E /* ChallengeUITests.swift */; };
		62AFC8342900856200786839 /* ListInteractorTests.swift in Sources */ = {isa = PBXBuildFile; fileRef = 62AFC8332900856200786839 /* ListInteractorTests.swift */; };
		62AFC8372900862100786839 /* ListPresenterMock.swift in Sources */ = {isa = PBXBuildFile; fileRef = 62AFC8362900862100786839 /* ListPresenterMock.swift */; };
		62AFC8392900883A00786839 /* CoreDataManagerMock.swift in Sources */ = {isa = PBXBuildFile; fileRef = 62AFC8382900883A00786839 /* CoreDataManagerMock.swift */; };
		62AFC83B29008AA100786839 /* ApiClientMock.swift in Sources */ = {isa = PBXBuildFile; fileRef = 62AFC83A29008AA100786839 /* ApiClientMock.swift */; };
		62AFC83D2901E3FE00786839 /* Identifiers.swift in Sources */ = {isa = PBXBuildFile; fileRef = 62AFC83C2901E3FE00786839 /* Identifiers.swift */; };
		62B6E35528FE7FDC00B6838D /* LoadingViewController.swift in Sources */ = {isa = PBXBuildFile; fileRef = 62B6E35428FE7FDC00B6838D /* LoadingViewController.swift */; };
		62B6E35728FE7FEB00B6838D /* BaseViewController.swift in Sources */ = {isa = PBXBuildFile; fileRef = 62B6E35628FE7FEB00B6838D /* BaseViewController.swift */; };
		62B6E35928FE808100B6838D /* UIColor+Extensions.swift in Sources */ = {isa = PBXBuildFile; fileRef = 62B6E35828FE808100B6838D /* UIColor+Extensions.swift */; };
		62B6E35B28FE814400B6838D /* ListContract.swift in Sources */ = {isa = PBXBuildFile; fileRef = 62B6E35A28FE814400B6838D /* ListContract.swift */; };
		62B6E35D28FE81EB00B6838D /* ListViewModel.swift in Sources */ = {isa = PBXBuildFile; fileRef = 62B6E35C28FE81EB00B6838D /* ListViewModel.swift */; };
		62B6E35F28FE840D00B6838D /* ListBuilder.swift in Sources */ = {isa = PBXBuildFile; fileRef = 62B6E35E28FE840D00B6838D /* ListBuilder.swift */; };
		62B6E36128FE841400B6838D /* ListRouter.swift in Sources */ = {isa = PBXBuildFile; fileRef = 62B6E36028FE841400B6838D /* ListRouter.swift */; };
		62B6E36328FE846500B6838D /* ListPresenter.swift in Sources */ = {isa = PBXBuildFile; fileRef = 62B6E36228FE846500B6838D /* ListPresenter.swift */; };
		62B6E36528FEE67E00B6838D /* MovieDetailContract.swift in Sources */ = {isa = PBXBuildFile; fileRef = 62B6E36428FEE67E00B6838D /* MovieDetailContract.swift */; };
		62B6E36728FEE78200B6838D /* MovieDetailViewController.swift in Sources */ = {isa = PBXBuildFile; fileRef = 62B6E36628FEE78200B6838D /* MovieDetailViewController.swift */; };
		62B6E36928FEF4DE00B6838D /* MovieDetailBuilder.swift in Sources */ = {isa = PBXBuildFile; fileRef = 62B6E36828FEF4DE00B6838D /* MovieDetailBuilder.swift */; };
		62B6E36B28FF1D9B00B6838D /* Endpoint+Genres.swift in Sources */ = {isa = PBXBuildFile; fileRef = 62B6E36A28FF1D9B00B6838D /* Endpoint+Genres.swift */; };
		62B6E36D28FF1DC400B6838D /* IdNameModel.swift in Sources */ = {isa = PBXBuildFile; fileRef = 62B6E36C28FF1DC400B6838D /* IdNameModel.swift */; };
		62B6E36F28FF1EED00B6838D /* GenresModel.swift in Sources */ = {isa = PBXBuildFile; fileRef = 62B6E36E28FF1EED00B6838D /* GenresModel.swift */; };
		62B6E37128FF349B00B6838D /* MovieDetailRouter.swift in Sources */ = {isa = PBXBuildFile; fileRef = 62B6E37028FF349B00B6838D /* MovieDetailRouter.swift */; };
		62B6E37328FF379B00B6838D /* MovieDetailInteractor.swift in Sources */ = {isa = PBXBuildFile; fileRef = 62B6E37228FF379B00B6838D /* MovieDetailInteractor.swift */; };
		62B6E37528FF37A400B6838D /* MovieDetailPresenter.swift in Sources */ = {isa = PBXBuildFile; fileRef = 62B6E37428FF37A400B6838D /* MovieDetailPresenter.swift */; };
		62B6E37728FF3B6500B6838D /* MovieDetailViewModel.swift in Sources */ = {isa = PBXBuildFile; fileRef = 62B6E37628FF3B6500B6838D /* MovieDetailViewModel.swift */; };
		62B6E38128FF57F400B6838D /* FavoriteTableViewCell.swift in Sources */ = {isa = PBXBuildFile; fileRef = 62B6E37928FF57F400B6838D /* FavoriteTableViewCell.swift */; };
		62B6E38228FF57F400B6838D /* FavoriteListTableViewController.swift in Sources */ = {isa = PBXBuildFile; fileRef = 62B6E37A28FF57F400B6838D /* FavoriteListTableViewController.swift */; };
		62B6E38328FF57F400B6838D /* FavoriteListContract.swift in Sources */ = {isa = PBXBuildFile; fileRef = 62B6E37B28FF57F400B6838D /* FavoriteListContract.swift */; };
		62B6E38428FF57F400B6838D /* FavoriteListViewModel.swift in Sources */ = {isa = PBXBuildFile; fileRef = 62B6E37C28FF57F400B6838D /* FavoriteListViewModel.swift */; };
		62B6E38528FF57F400B6838D /* FavoriteListBuilder.swift in Sources */ = {isa = PBXBuildFile; fileRef = 62B6E37D28FF57F400B6838D /* FavoriteListBuilder.swift */; };
		62B6E38628FF57F400B6838D /* FavoriteListPresenter.swift in Sources */ = {isa = PBXBuildFile; fileRef = 62B6E37E28FF57F400B6838D /* FavoriteListPresenter.swift */; };
		62B6E38728FF57F400B6838D /* FavoriteListRouter.swift in Sources */ = {isa = PBXBuildFile; fileRef = 62B6E37F28FF57F400B6838D /* FavoriteListRouter.swift */; };
		62B6E38828FF57F400B6838D /* FavoriteListInteractor.swift in Sources */ = {isa = PBXBuildFile; fileRef = 62B6E38028FF57F400B6838D /* FavoriteListInteractor.swift */; };
		62B6E38A28FF5F9400B6838D /* CoreDataManager.swift in Sources */ = {isa = PBXBuildFile; fileRef = 62B6E38928FF5F9400B6838D /* CoreDataManager.swift */; };
		62BDC66728FA20DD00AC69B4 /* ApiClient.swift in Sources */ = {isa = PBXBuildFile; fileRef = 62BDC66628FA20DD00AC69B4 /* ApiClient.swift */; };
		62BDC66928FA222600AC69B4 /* EndpointProtocol.swift in Sources */ = {isa = PBXBuildFile; fileRef = 62BDC66828FA222600AC69B4 /* EndpointProtocol.swift */; };
		62BDC66C28FA28BF00AC69B4 /* Endpoint+PopularMovies.swift in Sources */ = {isa = PBXBuildFile; fileRef = 62BDC66B28FA28BF00AC69B4 /* Endpoint+PopularMovies.swift */; };
		62BDC66F28FA2AE300AC69B4 /* PageWrapperModel.swift in Sources */ = {isa = PBXBuildFile; fileRef = 62BDC66E28FA2AE300AC69B4 /* PageWrapperModel.swift */; };
		62BDC67128FA2C0900AC69B4 /* MovieModel.swift in Sources */ = {isa = PBXBuildFile; fileRef = 62BDC67028FA2C0900AC69B4 /* MovieModel.swift */; };
		62BDC67328FA2F9D00AC69B4 /* MainTabViewController.swift in Sources */ = {isa = PBXBuildFile; fileRef = 62BDC67228FA2F9D00AC69B4 /* MainTabViewController.swift */; };
		62BDC67628FCA5A000AC69B4 /* ListTableViewController.swift in Sources */ = {isa = PBXBuildFile; fileRef = 62BDC67528FCA5A000AC69B4 /* ListTableViewController.swift */; };
		62BDC67828FCA5D000AC69B4 /* ListInteractor.swift in Sources */ = {isa = PBXBuildFile; fileRef = 62BDC67728FCA5D000AC69B4 /* ListInteractor.swift */; };
		62BDC67D28FCA7F600AC69B4 /* ItemCollectionViewCell.swift in Sources */ = {isa = PBXBuildFile; fileRef = 62BDC67C28FCA7F600AC69B4 /* ItemCollectionViewCell.swift */; };
		62BDC68128FCA8C800AC69B4 /* ReusableView.swift in Sources */ = {isa = PBXBuildFile; fileRef = 62BDC68028FCA8C800AC69B4 /* ReusableView.swift */; };
		62BDC68328FCA8DA00AC69B4 /* UITableViewCell+ReusableCell.swift in Sources */ = {isa = PBXBuildFile; fileRef = 62BDC68228FCA8DA00AC69B4 /* UITableViewCell+ReusableCell.swift */; };
		62BDC68528FCA8E900AC69B4 /* UICollectionViewCell+ReusableCell.swift in Sources */ = {isa = PBXBuildFile; fileRef = 62BDC68428FCA8E900AC69B4 /* UICollectionViewCell+ReusableCell.swift */; };
		62BDC68828FCAA8500AC69B4 /* Colors.swift in Sources */ = {isa = PBXBuildFile; fileRef = 62BDC68728FCAA8500AC69B4 /* Colors.swift */; };
		62BDC68B28FCABC600AC69B4 /* Fonts.swift in Sources */ = {isa = PBXBuildFile; fileRef = 62BDC68A28FCABC600AC69B4 /* Fonts.swift */; };
		62BDC69128FDAE7D00AC69B4 /* Challenge.xcdatamodeld in Sources */ = {isa = PBXBuildFile; fileRef = 62BDC68F28FDAE7D00AC69B4 /* Challenge.xcdatamodeld */; };
		62C958EF2900444E0028CDAF /* Endpoint+SearchMovies.swift in Sources */ = {isa = PBXBuildFile; fileRef = 62C958EE2900444E0028CDAF /* Endpoint+SearchMovies.swift */; };
		62C958F229004A1C0028CDAF /* FilterViewController.swift in Sources */ = {isa = PBXBuildFile; fileRef = 62C958F129004A1C0028CDAF /* FilterViewController.swift */; };
		62C958F429004ADF0028CDAF /* FilterView.swift in Sources */ = {isa = PBXBuildFile; fileRef = 62C958F329004ADF0028CDAF /* FilterView.swift */; };
		62C958F629004E160028CDAF /* UIView.swift in Sources */ = {isa = PBXBuildFile; fileRef = 62C958F529004E160028CDAF /* UIView.swift */; };
		62C958F8290051570028CDAF /* FilterDateTableViewController.swift in Sources */ = {isa = PBXBuildFile; fileRef = 62C958F7290051570028CDAF /* FilterDateTableViewController.swift */; };
		62C958FA290051F60028CDAF /* FilterTableViewCell.swift in Sources */ = {isa = PBXBuildFile; fileRef = 62C958F9290051F60028CDAF /* FilterTableViewCell.swift */; };
		62C958FC290054940028CDAF /* FilterGenresTableViewController.swift in Sources */ = {isa = PBXBuildFile; fileRef = 62C958FB290054940028CDAF /* FilterGenresTableViewController.swift */; };
		62C958FE29005CA30028CDAF /* IdNameSelectModel.swift in Sources */ = {isa = PBXBuildFile; fileRef = 62C958FD29005CA30028CDAF /* IdNameSelectModel.swift */; };
		90AEDEC0297AD931B180F5FF /* Pods_ChallengeTests.framework in Frameworks */ = {isa = PBXBuildFile; fileRef = A6D62961F75234C77DB4BCDB /* Pods_ChallengeTests.framework */; };
		AB720E106227A24A2B9BE879 /* Pods_Challenge.framework in Frameworks */ = {isa = PBXBuildFile; fileRef = 1397013BBBAFDE7295E81A3A /* Pods_Challenge.framework */; };
/* End PBXBuildFile section */

/* Begin PBXContainerItemProxy section */
		6273638C28FA13E50022EA8E /* PBXContainerItemProxy */ = {
			isa = PBXContainerItemProxy;
			containerPortal = 6273636D28FA13E20022EA8E /* Project object */;
			proxyType = 1;
			remoteGlobalIDString = 6273637428FA13E20022EA8E;
			remoteInfo = Challenge;
		};
		6273639628FA13E50022EA8E /* PBXContainerItemProxy */ = {
			isa = PBXContainerItemProxy;
			containerPortal = 6273636D28FA13E20022EA8E /* Project object */;
			proxyType = 1;
			remoteGlobalIDString = 6273637428FA13E20022EA8E;
			remoteInfo = Challenge;
		};
/* End PBXContainerItemProxy section */

/* Begin PBXFileReference section */
		0079BCA21D1BBC0723CBC565 /* Pods_Challenge_ChallengeUITests.framework */ = {isa = PBXFileReference; explicitFileType = wrapper.framework; includeInIndex = 0; path = Pods_Challenge_ChallengeUITests.framework; sourceTree = BUILT_PRODUCTS_DIR; };
		1397013BBBAFDE7295E81A3A /* Pods_Challenge.framework */ = {isa = PBXFileReference; explicitFileType = wrapper.framework; includeInIndex = 0; path = Pods_Challenge.framework; sourceTree = BUILT_PRODUCTS_DIR; };
		4B0EF07D700D83C4208133EB /* Pods-Challenge-ChallengeUITests.debug.xcconfig */ = {isa = PBXFileReference; includeInIndex = 1; lastKnownFileType = text.xcconfig; name = "Pods-Challenge-ChallengeUITests.debug.xcconfig"; path = "Target Support Files/Pods-Challenge-ChallengeUITests/Pods-Challenge-ChallengeUITests.debug.xcconfig"; sourceTree = "<group>"; };
		501DF8098D193F01F5CE4771 /* Pods-Challenge.release.xcconfig */ = {isa = PBXFileReference; includeInIndex = 1; lastKnownFileType = text.xcconfig; name = "Pods-Challenge.release.xcconfig"; path = "Target Support Files/Pods-Challenge/Pods-Challenge.release.xcconfig"; sourceTree = "<group>"; };
		55032D2BFE03C667CAA7993E /* Pods-Challenge.debug.xcconfig */ = {isa = PBXFileReference; includeInIndex = 1; lastKnownFileType = text.xcconfig; name = "Pods-Challenge.debug.xcconfig"; path = "Target Support Files/Pods-Challenge/Pods-Challenge.debug.xcconfig"; sourceTree = "<group>"; };
		6273637528FA13E20022EA8E /* Challenge.app */ = {isa = PBXFileReference; explicitFileType = wrapper.application; includeInIndex = 0; path = Challenge.app; sourceTree = BUILT_PRODUCTS_DIR; };
		6273637828FA13E20022EA8E /* AppDelegate.swift */ = {isa = PBXFileReference; lastKnownFileType = sourcecode.swift; path = AppDelegate.swift; sourceTree = "<group>"; };
		6273637A28FA13E20022EA8E /* SceneDelegate.swift */ = {isa = PBXFileReference; lastKnownFileType = sourcecode.swift; path = SceneDelegate.swift; sourceTree = "<group>"; };
		6273638128FA13E40022EA8E /* Assets.xcassets */ = {isa = PBXFileReference; lastKnownFileType = folder.assetcatalog; path = Assets.xcassets; sourceTree = "<group>"; };
		6273638428FA13E40022EA8E /* Base */ = {isa = PBXFileReference; lastKnownFileType = file.storyboard; name = Base; path = Base.lproj/LaunchScreen.storyboard; sourceTree = "<group>"; };
		6273638628FA13E40022EA8E /* Info.plist */ = {isa = PBXFileReference; lastKnownFileType = text.plist.xml; path = Info.plist; sourceTree = "<group>"; };
		6273638B28FA13E50022EA8E /* ChallengeTests.xctest */ = {isa = PBXFileReference; explicitFileType = wrapper.cfbundle; includeInIndex = 0; path = ChallengeTests.xctest; sourceTree = BUILT_PRODUCTS_DIR; };
		6273639528FA13E50022EA8E /* ChallengeUITests.xctest */ = {isa = PBXFileReference; explicitFileType = wrapper.cfbundle; includeInIndex = 0; path = ChallengeUITests.xctest; sourceTree = BUILT_PRODUCTS_DIR; };
		6273639928FA13E50022EA8E /* ChallengeUITests.swift */ = {isa = PBXFileReference; lastKnownFileType = sourcecode.swift; path = ChallengeUITests.swift; sourceTree = "<group>"; };
		62AFC8332900856200786839 /* ListInteractorTests.swift */ = {isa = PBXFileReference; lastKnownFileType = sourcecode.swift; path = ListInteractorTests.swift; sourceTree = "<group>"; };
		62AFC8362900862100786839 /* ListPresenterMock.swift */ = {isa = PBXFileReference; lastKnownFileType = sourcecode.swift; path = ListPresenterMock.swift; sourceTree = "<group>"; };
		62AFC8382900883A00786839 /* CoreDataManagerMock.swift */ = {isa = PBXFileReference; lastKnownFileType = sourcecode.swift; path = CoreDataManagerMock.swift; sourceTree = "<group>"; };
		62AFC83A29008AA100786839 /* ApiClientMock.swift */ = {isa = PBXFileReference; lastKnownFileType = sourcecode.swift; path = ApiClientMock.swift; sourceTree = "<group>"; };
		62AFC83C2901E3FE00786839 /* Identifiers.swift */ = {isa = PBXFileReference; lastKnownFileType = sourcecode.swift; path = Identifiers.swift; sourceTree = "<group>"; };
		62B6E35428FE7FDC00B6838D /* LoadingViewController.swift */ = {isa = PBXFileReference; fileEncoding = 4; lastKnownFileType = sourcecode.swift; path = LoadingViewController.swift; sourceTree = "<group>"; };
		62B6E35628FE7FEB00B6838D /* BaseViewController.swift */ = {isa = PBXFileReference; fileEncoding = 4; lastKnownFileType = sourcecode.swift; path = BaseViewController.swift; sourceTree = "<group>"; };
		62B6E35828FE808100B6838D /* UIColor+Extensions.swift */ = {isa = PBXFileReference; fileEncoding = 4; lastKnownFileType = sourcecode.swift; path = "UIColor+Extensions.swift"; sourceTree = "<group>"; };
		62B6E35A28FE814400B6838D /* ListContract.swift */ = {isa = PBXFileReference; lastKnownFileType = sourcecode.swift; path = ListContract.swift; sourceTree = "<group>"; };
		62B6E35C28FE81EB00B6838D /* ListViewModel.swift */ = {isa = PBXFileReference; lastKnownFileType = sourcecode.swift; path = ListViewModel.swift; sourceTree = "<group>"; };
		62B6E35E28FE840D00B6838D /* ListBuilder.swift */ = {isa = PBXFileReference; lastKnownFileType = sourcecode.swift; path = ListBuilder.swift; sourceTree = "<group>"; };
		62B6E36028FE841400B6838D /* ListRouter.swift */ = {isa = PBXFileReference; lastKnownFileType = sourcecode.swift; path = ListRouter.swift; sourceTree = "<group>"; };
		62B6E36228FE846500B6838D /* ListPresenter.swift */ = {isa = PBXFileReference; lastKnownFileType = sourcecode.swift; path = ListPresenter.swift; sourceTree = "<group>"; };
		62B6E36428FEE67E00B6838D /* MovieDetailContract.swift */ = {isa = PBXFileReference; lastKnownFileType = sourcecode.swift; path = MovieDetailContract.swift; sourceTree = "<group>"; };
		62B6E36628FEE78200B6838D /* MovieDetailViewController.swift */ = {isa = PBXFileReference; lastKnownFileType = sourcecode.swift; path = MovieDetailViewController.swift; sourceTree = "<group>"; };
		62B6E36828FEF4DE00B6838D /* MovieDetailBuilder.swift */ = {isa = PBXFileReference; lastKnownFileType = sourcecode.swift; path = MovieDetailBuilder.swift; sourceTree = "<group>"; };
		62B6E36A28FF1D9B00B6838D /* Endpoint+Genres.swift */ = {isa = PBXFileReference; lastKnownFileType = sourcecode.swift; path = "Endpoint+Genres.swift"; sourceTree = "<group>"; };
		62B6E36C28FF1DC400B6838D /* IdNameModel.swift */ = {isa = PBXFileReference; lastKnownFileType = sourcecode.swift; path = IdNameModel.swift; sourceTree = "<group>"; };
		62B6E36E28FF1EED00B6838D /* GenresModel.swift */ = {isa = PBXFileReference; lastKnownFileType = sourcecode.swift; path = GenresModel.swift; sourceTree = "<group>"; };
		62B6E37028FF349B00B6838D /* MovieDetailRouter.swift */ = {isa = PBXFileReference; lastKnownFileType = sourcecode.swift; path = MovieDetailRouter.swift; sourceTree = "<group>"; };
		62B6E37228FF379B00B6838D /* MovieDetailInteractor.swift */ = {isa = PBXFileReference; lastKnownFileType = sourcecode.swift; path = MovieDetailInteractor.swift; sourceTree = "<group>"; };
		62B6E37428FF37A400B6838D /* MovieDetailPresenter.swift */ = {isa = PBXFileReference; lastKnownFileType = sourcecode.swift; path = MovieDetailPresenter.swift; sourceTree = "<group>"; };
		62B6E37628FF3B6500B6838D /* MovieDetailViewModel.swift */ = {isa = PBXFileReference; lastKnownFileType = sourcecode.swift; path = MovieDetailViewModel.swift; sourceTree = "<group>"; };
		62B6E37928FF57F400B6838D /* FavoriteTableViewCell.swift */ = {isa = PBXFileReference; fileEncoding = 4; lastKnownFileType = sourcecode.swift; path = FavoriteTableViewCell.swift; sourceTree = "<group>"; };
		62B6E37A28FF57F400B6838D /* FavoriteListTableViewController.swift */ = {isa = PBXFileReference; fileEncoding = 4; lastKnownFileType = sourcecode.swift; path = FavoriteListTableViewController.swift; sourceTree = "<group>"; };
		62B6E37B28FF57F400B6838D /* FavoriteListContract.swift */ = {isa = PBXFileReference; fileEncoding = 4; lastKnownFileType = sourcecode.swift; path = FavoriteListContract.swift; sourceTree = "<group>"; };
		62B6E37C28FF57F400B6838D /* FavoriteListViewModel.swift */ = {isa = PBXFileReference; fileEncoding = 4; lastKnownFileType = sourcecode.swift; path = FavoriteListViewModel.swift; sourceTree = "<group>"; };
		62B6E37D28FF57F400B6838D /* FavoriteListBuilder.swift */ = {isa = PBXFileReference; fileEncoding = 4; lastKnownFileType = sourcecode.swift; path = FavoriteListBuilder.swift; sourceTree = "<group>"; };
		62B6E37E28FF57F400B6838D /* FavoriteListPresenter.swift */ = {isa = PBXFileReference; fileEncoding = 4; lastKnownFileType = sourcecode.swift; path = FavoriteListPresenter.swift; sourceTree = "<group>"; };
		62B6E37F28FF57F400B6838D /* FavoriteListRouter.swift */ = {isa = PBXFileReference; fileEncoding = 4; lastKnownFileType = sourcecode.swift; path = FavoriteListRouter.swift; sourceTree = "<group>"; };
		62B6E38028FF57F400B6838D /* FavoriteListInteractor.swift */ = {isa = PBXFileReference; fileEncoding = 4; lastKnownFileType = sourcecode.swift; path = FavoriteListInteractor.swift; sourceTree = "<group>"; };
		62B6E38928FF5F9400B6838D /* CoreDataManager.swift */ = {isa = PBXFileReference; lastKnownFileType = sourcecode.swift; path = CoreDataManager.swift; sourceTree = "<group>"; };
		62BDC66628FA20DD00AC69B4 /* ApiClient.swift */ = {isa = PBXFileReference; lastKnownFileType = sourcecode.swift; path = ApiClient.swift; sourceTree = "<group>"; };
		62BDC66828FA222600AC69B4 /* EndpointProtocol.swift */ = {isa = PBXFileReference; lastKnownFileType = sourcecode.swift; path = EndpointProtocol.swift; sourceTree = "<group>"; };
		62BDC66B28FA28BF00AC69B4 /* Endpoint+PopularMovies.swift */ = {isa = PBXFileReference; lastKnownFileType = sourcecode.swift; path = "Endpoint+PopularMovies.swift"; sourceTree = "<group>"; };
		62BDC66E28FA2AE300AC69B4 /* PageWrapperModel.swift */ = {isa = PBXFileReference; lastKnownFileType = sourcecode.swift; path = PageWrapperModel.swift; sourceTree = "<group>"; };
		62BDC67028FA2C0900AC69B4 /* MovieModel.swift */ = {isa = PBXFileReference; lastKnownFileType = sourcecode.swift; path = MovieModel.swift; sourceTree = "<group>"; };
		62BDC67228FA2F9D00AC69B4 /* MainTabViewController.swift */ = {isa = PBXFileReference; lastKnownFileType = sourcecode.swift; path = MainTabViewController.swift; sourceTree = "<group>"; };
		62BDC67528FCA5A000AC69B4 /* ListTableViewController.swift */ = {isa = PBXFileReference; lastKnownFileType = sourcecode.swift; path = ListTableViewController.swift; sourceTree = "<group>"; };
		62BDC67728FCA5D000AC69B4 /* ListInteractor.swift */ = {isa = PBXFileReference; lastKnownFileType = sourcecode.swift; path = ListInteractor.swift; sourceTree = "<group>"; };
		62BDC67C28FCA7F600AC69B4 /* ItemCollectionViewCell.swift */ = {isa = PBXFileReference; lastKnownFileType = sourcecode.swift; path = ItemCollectionViewCell.swift; sourceTree = "<group>"; };
		62BDC68028FCA8C800AC69B4 /* ReusableView.swift */ = {isa = PBXFileReference; lastKnownFileType = sourcecode.swift; path = ReusableView.swift; sourceTree = "<group>"; };
		62BDC68228FCA8DA00AC69B4 /* UITableViewCell+ReusableCell.swift */ = {isa = PBXFileReference; lastKnownFileType = sourcecode.swift; path = "UITableViewCell+ReusableCell.swift"; sourceTree = "<group>"; };
		62BDC68428FCA8E900AC69B4 /* UICollectionViewCell+ReusableCell.swift */ = {isa = PBXFileReference; lastKnownFileType = sourcecode.swift; path = "UICollectionViewCell+ReusableCell.swift"; sourceTree = "<group>"; };
		62BDC68728FCAA8500AC69B4 /* Colors.swift */ = {isa = PBXFileReference; lastKnownFileType = sourcecode.swift; path = Colors.swift; sourceTree = "<group>"; };
		62BDC68A28FCABC600AC69B4 /* Fonts.swift */ = {isa = PBXFileReference; lastKnownFileType = sourcecode.swift; path = Fonts.swift; sourceTree = "<group>"; };
		62BDC69028FDAE7D00AC69B4 /* Challenge.xcdatamodel */ = {isa = PBXFileReference; lastKnownFileType = wrapper.xcdatamodel; path = Challenge.xcdatamodel; sourceTree = "<group>"; };
		62C958EE2900444E0028CDAF /* Endpoint+SearchMovies.swift */ = {isa = PBXFileReference; lastKnownFileType = sourcecode.swift; path = "Endpoint+SearchMovies.swift"; sourceTree = "<group>"; };
		62C958F129004A1C0028CDAF /* FilterViewController.swift */ = {isa = PBXFileReference; lastKnownFileType = sourcecode.swift; path = FilterViewController.swift; sourceTree = "<group>"; };
		62C958F329004ADF0028CDAF /* FilterView.swift */ = {isa = PBXFileReference; lastKnownFileType = sourcecode.swift; path = FilterView.swift; sourceTree = "<group>"; };
		62C958F529004E160028CDAF /* UIView.swift */ = {isa = PBXFileReference; lastKnownFileType = sourcecode.swift; path = UIView.swift; sourceTree = "<group>"; };
		62C958F7290051570028CDAF /* FilterDateTableViewController.swift */ = {isa = PBXFileReference; lastKnownFileType = sourcecode.swift; path = FilterDateTableViewController.swift; sourceTree = "<group>"; };
		62C958F9290051F60028CDAF /* FilterTableViewCell.swift */ = {isa = PBXFileReference; lastKnownFileType = sourcecode.swift; path = FilterTableViewCell.swift; sourceTree = "<group>"; };
		62C958FB290054940028CDAF /* FilterGenresTableViewController.swift */ = {isa = PBXFileReference; lastKnownFileType = sourcecode.swift; path = FilterGenresTableViewController.swift; sourceTree = "<group>"; };
		62C958FD29005CA30028CDAF /* IdNameSelectModel.swift */ = {isa = PBXFileReference; lastKnownFileType = sourcecode.swift; path = IdNameSelectModel.swift; sourceTree = "<group>"; };
		6C78195972CC44823340AD61 /* Pods-ChallengeTests.debug.xcconfig */ = {isa = PBXFileReference; includeInIndex = 1; lastKnownFileType = text.xcconfig; name = "Pods-ChallengeTests.debug.xcconfig"; path = "Target Support Files/Pods-ChallengeTests/Pods-ChallengeTests.debug.xcconfig"; sourceTree = "<group>"; };
		6DB4B33E39B5168016C7A104 /* Pods-ChallengeTests.release.xcconfig */ = {isa = PBXFileReference; includeInIndex = 1; lastKnownFileType = text.xcconfig; name = "Pods-ChallengeTests.release.xcconfig"; path = "Target Support Files/Pods-ChallengeTests/Pods-ChallengeTests.release.xcconfig"; sourceTree = "<group>"; };
		A6D62961F75234C77DB4BCDB /* Pods_ChallengeTests.framework */ = {isa = PBXFileReference; explicitFileType = wrapper.framework; includeInIndex = 0; path = Pods_ChallengeTests.framework; sourceTree = BUILT_PRODUCTS_DIR; };
		B361074184464E6304D08478 /* Pods-Challenge-ChallengeUITests.release.xcconfig */ = {isa = PBXFileReference; includeInIndex = 1; lastKnownFileType = text.xcconfig; name = "Pods-Challenge-ChallengeUITests.release.xcconfig"; path = "Target Support Files/Pods-Challenge-ChallengeUITests/Pods-Challenge-ChallengeUITests.release.xcconfig"; sourceTree = "<group>"; };
/* End PBXFileReference section */

/* Begin PBXFrameworksBuildPhase section */
		6273637228FA13E20022EA8E /* Frameworks */ = {
			isa = PBXFrameworksBuildPhase;
			buildActionMask = 2147483647;
			files = (
				AB720E106227A24A2B9BE879 /* Pods_Challenge.framework in Frameworks */,
			);
			runOnlyForDeploymentPostprocessing = 0;
		};
		6273638828FA13E40022EA8E /* Frameworks */ = {
			isa = PBXFrameworksBuildPhase;
			buildActionMask = 2147483647;
			files = (
				90AEDEC0297AD931B180F5FF /* Pods_ChallengeTests.framework in Frameworks */,
			);
			runOnlyForDeploymentPostprocessing = 0;
		};
		6273639228FA13E50022EA8E /* Frameworks */ = {
			isa = PBXFrameworksBuildPhase;
			buildActionMask = 2147483647;
			files = (
				1B640BD6868BFFE77F4F19D7 /* Pods_Challenge_ChallengeUITests.framework in Frameworks */,
			);
			runOnlyForDeploymentPostprocessing = 0;
		};
/* End PBXFrameworksBuildPhase section */

/* Begin PBXGroup section */
		589BA291FFB4B53EDAC820D8 /* Pods */ = {
			isa = PBXGroup;
			children = (
				55032D2BFE03C667CAA7993E /* Pods-Challenge.debug.xcconfig */,
				501DF8098D193F01F5CE4771 /* Pods-Challenge.release.xcconfig */,
				4B0EF07D700D83C4208133EB /* Pods-Challenge-ChallengeUITests.debug.xcconfig */,
				B361074184464E6304D08478 /* Pods-Challenge-ChallengeUITests.release.xcconfig */,
				6C78195972CC44823340AD61 /* Pods-ChallengeTests.debug.xcconfig */,
				6DB4B33E39B5168016C7A104 /* Pods-ChallengeTests.release.xcconfig */,
			);
			path = Pods;
			sourceTree = "<group>";
		};
		6273636C28FA13E20022EA8E = {
			isa = PBXGroup;
			children = (
				6273637728FA13E20022EA8E /* Challenge */,
				6273638E28FA13E50022EA8E /* ChallengeTests */,
				6273639828FA13E50022EA8E /* ChallengeUITests */,
				6273637628FA13E20022EA8E /* Products */,
				589BA291FFB4B53EDAC820D8 /* Pods */,
				FF06A8504EC15F9796D8D356 /* Frameworks */,
			);
			sourceTree = "<group>";
		};
		6273637628FA13E20022EA8E /* Products */ = {
			isa = PBXGroup;
			children = (
				6273637528FA13E20022EA8E /* Challenge.app */,
				6273638B28FA13E50022EA8E /* ChallengeTests.xctest */,
				6273639528FA13E50022EA8E /* ChallengeUITests.xctest */,
			);
			name = Products;
			sourceTree = "<group>";
		};
		6273637728FA13E20022EA8E /* Challenge */ = {
			isa = PBXGroup;
			children = (
				62BDC67E28FCA8B400AC69B4 /* Utils */,
				62BDC66528FA207900AC69B4 /* Data */,
				62BDC66428FA205500AC69B4 /* Scenes */,
				6273637828FA13E20022EA8E /* AppDelegate.swift */,
				6273637A28FA13E20022EA8E /* SceneDelegate.swift */,
				6273638128FA13E40022EA8E /* Assets.xcassets */,
				6273638328FA13E40022EA8E /* LaunchScreen.storyboard */,
				6273638628FA13E40022EA8E /* Info.plist */,
				62BDC68F28FDAE7D00AC69B4 /* Challenge.xcdatamodeld */,
			);
			path = Challenge;
			sourceTree = "<group>";
		};
		6273638E28FA13E50022EA8E /* ChallengeTests */ = {
			isa = PBXGroup;
			children = (
				62AFC8352900860B00786839 /* Mocks */,
				62AFC8332900856200786839 /* ListInteractorTests.swift */,
			);
			path = ChallengeTests;
			sourceTree = "<group>";
		};
		6273639828FA13E50022EA8E /* ChallengeUITests */ = {
			isa = PBXGroup;
			children = (
				6273639928FA13E50022EA8E /* ChallengeUITests.swift */,
			);
			path = ChallengeUITests;
			sourceTree = "<group>";
		};
		62AFC8352900860B00786839 /* Mocks */ = {
			isa = PBXGroup;
			children = (
				62AFC8362900862100786839 /* ListPresenterMock.swift */,
				62AFC8382900883A00786839 /* CoreDataManagerMock.swift */,
				62AFC83A29008AA100786839 /* ApiClientMock.swift */,
			);
			path = Mocks;
			sourceTree = "<group>";
		};
		62B6E37828FF57E200B6838D /* Favorites */ = {
			isa = PBXGroup;
			children = (
				62C958F029004A070028CDAF /* Filters */,
				62B6E37928FF57F400B6838D /* FavoriteTableViewCell.swift */,
				62B6E37D28FF57F400B6838D /* FavoriteListBuilder.swift */,
				62B6E37B28FF57F400B6838D /* FavoriteListContract.swift */,
				62B6E38028FF57F400B6838D /* FavoriteListInteractor.swift */,
				62B6E37E28FF57F400B6838D /* FavoriteListPresenter.swift */,
				62B6E37F28FF57F400B6838D /* FavoriteListRouter.swift */,
				62B6E37A28FF57F400B6838D /* FavoriteListTableViewController.swift */,
				62B6E37C28FF57F400B6838D /* FavoriteListViewModel.swift */,
			);
			path = Favorites;
			sourceTree = "<group>";
		};
		62BDC66428FA205500AC69B4 /* Scenes */ = {
			isa = PBXGroup;
			children = (
				62B6E37828FF57E200B6838D /* Favorites */,
				62BDC67928FCA70200AC69B4 /* Detail */,
				62BDC67428FCA40A00AC69B4 /* List */,
				62B6E35628FE7FEB00B6838D /* BaseViewController.swift */,
				62B6E35428FE7FDC00B6838D /* LoadingViewController.swift */,
				62BDC67228FA2F9D00AC69B4 /* MainTabViewController.swift */,
				62AFC83C2901E3FE00786839 /* Identifiers.swift */,
			);
			path = Scenes;
			sourceTree = "<group>";
		};
		62BDC66528FA207900AC69B4 /* Data */ = {
			isa = PBXGroup;
			children = (
				62BDC66D28FA2A9E00AC69B4 /* ApiResponses */,
				62BDC66A28FA287B00AC69B4 /* Endpoints */,
				62BDC66628FA20DD00AC69B4 /* ApiClient.swift */,
				62BDC66828FA222600AC69B4 /* EndpointProtocol.swift */,
				62B6E38928FF5F9400B6838D /* CoreDataManager.swift */,
			);
			path = Data;
			sourceTree = "<group>";
		};
		62BDC66A28FA287B00AC69B4 /* Endpoints */ = {
			isa = PBXGroup;
			children = (
				62BDC66B28FA28BF00AC69B4 /* Endpoint+PopularMovies.swift */,
				62B6E36A28FF1D9B00B6838D /* Endpoint+Genres.swift */,
				62C958EE2900444E0028CDAF /* Endpoint+SearchMovies.swift */,
			);
			path = Endpoints;
			sourceTree = "<group>";
		};
		62BDC66D28FA2A9E00AC69B4 /* ApiResponses */ = {
			isa = PBXGroup;
			children = (
				62BDC66E28FA2AE300AC69B4 /* PageWrapperModel.swift */,
				62BDC67028FA2C0900AC69B4 /* MovieModel.swift */,
				62B6E36C28FF1DC400B6838D /* IdNameModel.swift */,
				62B6E36E28FF1EED00B6838D /* GenresModel.swift */,
				62C958FD29005CA30028CDAF /* IdNameSelectModel.swift */,
			);
			path = ApiResponses;
			sourceTree = "<group>";
		};
		62BDC67428FCA40A00AC69B4 /* List */ = {
			isa = PBXGroup;
			children = (
				62BDC67528FCA5A000AC69B4 /* ListTableViewController.swift */,
				62BDC67728FCA5D000AC69B4 /* ListInteractor.swift */,
				62BDC67C28FCA7F600AC69B4 /* ItemCollectionViewCell.swift */,
				62B6E35A28FE814400B6838D /* ListContract.swift */,
				62B6E35C28FE81EB00B6838D /* ListViewModel.swift */,
				62B6E35E28FE840D00B6838D /* ListBuilder.swift */,
				62B6E36028FE841400B6838D /* ListRouter.swift */,
				62B6E36228FE846500B6838D /* ListPresenter.swift */,
			);
			path = List;
			sourceTree = "<group>";
		};
		62BDC67928FCA70200AC69B4 /* Detail */ = {
			isa = PBXGroup;
			children = (
				62B6E36428FEE67E00B6838D /* MovieDetailContract.swift */,
				62B6E36628FEE78200B6838D /* MovieDetailViewController.swift */,
				62B6E36828FEF4DE00B6838D /* MovieDetailBuilder.swift */,
				62B6E37028FF349B00B6838D /* MovieDetailRouter.swift */,
				62B6E37228FF379B00B6838D /* MovieDetailInteractor.swift */,
				62B6E37428FF37A400B6838D /* MovieDetailPresenter.swift */,
				62B6E37628FF3B6500B6838D /* MovieDetailViewModel.swift */,
			);
			path = Detail;
			sourceTree = "<group>";
		};
		62BDC67E28FCA8B400AC69B4 /* Utils */ = {
			isa = PBXGroup;
			children = (
				62BDC68628FCAA7B00AC69B4 /* Enums */,
				62BDC67F28FCA8BE00AC69B4 /* Extensions */,
			);
			path = Utils;
			sourceTree = "<group>";
		};
		62BDC67F28FCA8BE00AC69B4 /* Extensions */ = {
			isa = PBXGroup;
			children = (
				62BDC68028FCA8C800AC69B4 /* ReusableView.swift */,
				62BDC68228FCA8DA00AC69B4 /* UITableViewCell+ReusableCell.swift */,
				62B6E35828FE808100B6838D /* UIColor+Extensions.swift */,
				62BDC68428FCA8E900AC69B4 /* UICollectionViewCell+ReusableCell.swift */,
				62C958F529004E160028CDAF /* UIView.swift */,
			);
			path = Extensions;
			sourceTree = "<group>";
		};
		62BDC68628FCAA7B00AC69B4 /* Enums */ = {
			isa = PBXGroup;
			children = (
				62BDC68728FCAA8500AC69B4 /* Colors.swift */,
				62BDC68A28FCABC600AC69B4 /* Fonts.swift */,
			);
			path = Enums;
			sourceTree = "<group>";
		};
		62C958F029004A070028CDAF /* Filters */ = {
			isa = PBXGroup;
			children = (
				62C958F129004A1C0028CDAF /* FilterViewController.swift */,
				62C958F329004ADF0028CDAF /* FilterView.swift */,
				62C958F7290051570028CDAF /* FilterDateTableViewController.swift */,
				62C958F9290051F60028CDAF /* FilterTableViewCell.swift */,
				62C958FB290054940028CDAF /* FilterGenresTableViewController.swift */,
			);
			path = Filters;
			sourceTree = "<group>";
		};
		FF06A8504EC15F9796D8D356 /* Frameworks */ = {
			isa = PBXGroup;
			children = (
				1397013BBBAFDE7295E81A3A /* Pods_Challenge.framework */,
				0079BCA21D1BBC0723CBC565 /* Pods_Challenge_ChallengeUITests.framework */,
				A6D62961F75234C77DB4BCDB /* Pods_ChallengeTests.framework */,
			);
			name = Frameworks;
			sourceTree = "<group>";
		};
/* End PBXGroup section */

/* Begin PBXNativeTarget section */
		6273637428FA13E20022EA8E /* Challenge */ = {
			isa = PBXNativeTarget;
			buildConfigurationList = 6273639F28FA13E50022EA8E /* Build configuration list for PBXNativeTarget "Challenge" */;
			buildPhases = (
				B5CD3E601764946B9ACBC80B /* [CP] Check Pods Manifest.lock */,
				6273637128FA13E20022EA8E /* Sources */,
				6273637228FA13E20022EA8E /* Frameworks */,
				6273637328FA13E20022EA8E /* Resources */,
				0F3FA9AE37957EDE15B96829 /* [CP] Embed Pods Frameworks */,
				62B6E38B28FF74D700B6838D /* Swiftlint */,
			);
			buildRules = (
			);
			dependencies = (
			);
			name = Challenge;
			productName = Challenge;
			productReference = 6273637528FA13E20022EA8E /* Challenge.app */;
			productType = "com.apple.product-type.application";
		};
		6273638A28FA13E40022EA8E /* ChallengeTests */ = {
			isa = PBXNativeTarget;
			buildConfigurationList = 627363A228FA13E50022EA8E /* Build configuration list for PBXNativeTarget "ChallengeTests" */;
			buildPhases = (
				874D5F5F743FE9929C3E39F9 /* [CP] Check Pods Manifest.lock */,
				6273638728FA13E40022EA8E /* Sources */,
				6273638828FA13E40022EA8E /* Frameworks */,
				6273638928FA13E40022EA8E /* Resources */,
			);
			buildRules = (
			);
			dependencies = (
				6273638D28FA13E50022EA8E /* PBXTargetDependency */,
			);
			name = ChallengeTests;
			productName = ChallengeTests;
			productReference = 6273638B28FA13E50022EA8E /* ChallengeTests.xctest */;
			productType = "com.apple.product-type.bundle.unit-test";
		};
		6273639428FA13E50022EA8E /* ChallengeUITests */ = {
			isa = PBXNativeTarget;
			buildConfigurationList = 627363A528FA13E50022EA8E /* Build configuration list for PBXNativeTarget "ChallengeUITests" */;
			buildPhases = (
				A3074AD8EA215C1243254643 /* [CP] Check Pods Manifest.lock */,
				6273639128FA13E50022EA8E /* Sources */,
				6273639228FA13E50022EA8E /* Frameworks */,
				6273639328FA13E50022EA8E /* Resources */,
				03287403A9C5D2B2D658DDFC /* [CP] Embed Pods Frameworks */,
			);
			buildRules = (
			);
			dependencies = (
				6273639728FA13E50022EA8E /* PBXTargetDependency */,
			);
			name = ChallengeUITests;
			productName = ChallengeUITests;
			productReference = 6273639528FA13E50022EA8E /* ChallengeUITests.xctest */;
			productType = "com.apple.product-type.bundle.ui-testing";
		};
/* End PBXNativeTarget section */

/* Begin PBXProject section */
		6273636D28FA13E20022EA8E /* Project object */ = {
			isa = PBXProject;
			attributes = {
				BuildIndependentTargetsInParallel = 1;
				LastSwiftUpdateCheck = 1340;
				LastUpgradeCheck = 1340;
				TargetAttributes = {
					6273637428FA13E20022EA8E = {
						CreatedOnToolsVersion = 13.4.1;
					};
					6273638A28FA13E40022EA8E = {
						CreatedOnToolsVersion = 13.4.1;
						TestTargetID = 6273637428FA13E20022EA8E;
					};
					6273639428FA13E50022EA8E = {
						CreatedOnToolsVersion = 13.4.1;
						TestTargetID = 6273637428FA13E20022EA8E;
					};
				};
			};
			buildConfigurationList = 6273637028FA13E20022EA8E /* Build configuration list for PBXProject "Challenge" */;
			compatibilityVersion = "Xcode 13.0";
			developmentRegion = en;
			hasScannedForEncodings = 0;
			knownRegions = (
				en,
				Base,
			);
			mainGroup = 6273636C28FA13E20022EA8E;
			productRefGroup = 6273637628FA13E20022EA8E /* Products */;
			projectDirPath = "";
			projectRoot = "";
			targets = (
				6273637428FA13E20022EA8E /* Challenge */,
				6273638A28FA13E40022EA8E /* ChallengeTests */,
				6273639428FA13E50022EA8E /* ChallengeUITests */,
			);
		};
/* End PBXProject section */

/* Begin PBXResourcesBuildPhase section */
		6273637328FA13E20022EA8E /* Resources */ = {
			isa = PBXResourcesBuildPhase;
			buildActionMask = 2147483647;
			files = (
				6273638528FA13E40022EA8E /* LaunchScreen.storyboard in Resources */,
				6273638228FA13E40022EA8E /* Assets.xcassets in Resources */,
			);
			runOnlyForDeploymentPostprocessing = 0;
		};
		6273638928FA13E40022EA8E /* Resources */ = {
			isa = PBXResourcesBuildPhase;
			buildActionMask = 2147483647;
			files = (
			);
			runOnlyForDeploymentPostprocessing = 0;
		};
		6273639328FA13E50022EA8E /* Resources */ = {
			isa = PBXResourcesBuildPhase;
			buildActionMask = 2147483647;
			files = (
			);
			runOnlyForDeploymentPostprocessing = 0;
		};
/* End PBXResourcesBuildPhase section */

/* Begin PBXShellScriptBuildPhase section */
		03287403A9C5D2B2D658DDFC /* [CP] Embed Pods Frameworks */ = {
			isa = PBXShellScriptBuildPhase;
			buildActionMask = 2147483647;
			files = (
			);
			inputFileListPaths = (
				"${PODS_ROOT}/Target Support Files/Pods-Challenge-ChallengeUITests/Pods-Challenge-ChallengeUITests-frameworks-${CONFIGURATION}-input-files.xcfilelist",
			);
			name = "[CP] Embed Pods Frameworks";
			outputFileListPaths = (
				"${PODS_ROOT}/Target Support Files/Pods-Challenge-ChallengeUITests/Pods-Challenge-ChallengeUITests-frameworks-${CONFIGURATION}-output-files.xcfilelist",
			);
			runOnlyForDeploymentPostprocessing = 0;
			shellPath = /bin/sh;
			shellScript = "\"${PODS_ROOT}/Target Support Files/Pods-Challenge-ChallengeUITests/Pods-Challenge-ChallengeUITests-frameworks.sh\"\n";
			showEnvVarsInLog = 0;
		};
		0F3FA9AE37957EDE15B96829 /* [CP] Embed Pods Frameworks */ = {
			isa = PBXShellScriptBuildPhase;
			buildActionMask = 2147483647;
			files = (
			);
			inputFileListPaths = (
				"${PODS_ROOT}/Target Support Files/Pods-Challenge/Pods-Challenge-frameworks-${CONFIGURATION}-input-files.xcfilelist",
			);
			name = "[CP] Embed Pods Frameworks";
			outputFileListPaths = (
				"${PODS_ROOT}/Target Support Files/Pods-Challenge/Pods-Challenge-frameworks-${CONFIGURATION}-output-files.xcfilelist",
			);
			runOnlyForDeploymentPostprocessing = 0;
			shellPath = /bin/sh;
			shellScript = "\"${PODS_ROOT}/Target Support Files/Pods-Challenge/Pods-Challenge-frameworks.sh\"\n";
			showEnvVarsInLog = 0;
		};
		62B6E38B28FF74D700B6838D /* Swiftlint */ = {
			isa = PBXShellScriptBuildPhase;
			buildActionMask = 2147483647;
			files = (
			);
			inputFileListPaths = (
			);
			inputPaths = (
			);
			name = Swiftlint;
			outputFileListPaths = (
			);
			outputPaths = (
			);
			runOnlyForDeploymentPostprocessing = 0;
			shellPath = /bin/sh;
			shellScript = "if which swiftlint > /dev/null; then\n  swiftlint\nelse\n  echo \"warning: SwiftLint not installed, download from https://github.com/realm/SwiftLint\"\nfi\n";
		};
		874D5F5F743FE9929C3E39F9 /* [CP] Check Pods Manifest.lock */ = {
			isa = PBXShellScriptBuildPhase;
			buildActionMask = 2147483647;
			files = (
			);
			inputFileListPaths = (
			);
			inputPaths = (
				"${PODS_PODFILE_DIR_PATH}/Podfile.lock",
				"${PODS_ROOT}/Manifest.lock",
			);
			name = "[CP] Check Pods Manifest.lock";
			outputFileListPaths = (
			);
			outputPaths = (
				"$(DERIVED_FILE_DIR)/Pods-ChallengeTests-checkManifestLockResult.txt",
			);
			runOnlyForDeploymentPostprocessing = 0;
			shellPath = /bin/sh;
			shellScript = "diff \"${PODS_PODFILE_DIR_PATH}/Podfile.lock\" \"${PODS_ROOT}/Manifest.lock\" > /dev/null\nif [ $? != 0 ] ; then\n    # print error to STDERR\n    echo \"error: The sandbox is not in sync with the Podfile.lock. Run 'pod install' or update your CocoaPods installation.\" >&2\n    exit 1\nfi\n# This output is used by Xcode 'outputs' to avoid re-running this script phase.\necho \"SUCCESS\" > \"${SCRIPT_OUTPUT_FILE_0}\"\n";
			showEnvVarsInLog = 0;
		};
		A3074AD8EA215C1243254643 /* [CP] Check Pods Manifest.lock */ = {
			isa = PBXShellScriptBuildPhase;
			buildActionMask = 2147483647;
			files = (
			);
			inputFileListPaths = (
			);
			inputPaths = (
				"${PODS_PODFILE_DIR_PATH}/Podfile.lock",
				"${PODS_ROOT}/Manifest.lock",
			);
			name = "[CP] Check Pods Manifest.lock";
			outputFileListPaths = (
			);
			outputPaths = (
				"$(DERIVED_FILE_DIR)/Pods-Challenge-ChallengeUITests-checkManifestLockResult.txt",
			);
			runOnlyForDeploymentPostprocessing = 0;
			shellPath = /bin/sh;
			shellScript = "diff \"${PODS_PODFILE_DIR_PATH}/Podfile.lock\" \"${PODS_ROOT}/Manifest.lock\" > /dev/null\nif [ $? != 0 ] ; then\n    # print error to STDERR\n    echo \"error: The sandbox is not in sync with the Podfile.lock. Run 'pod install' or update your CocoaPods installation.\" >&2\n    exit 1\nfi\n# This output is used by Xcode 'outputs' to avoid re-running this script phase.\necho \"SUCCESS\" > \"${SCRIPT_OUTPUT_FILE_0}\"\n";
			showEnvVarsInLog = 0;
		};
		B5CD3E601764946B9ACBC80B /* [CP] Check Pods Manifest.lock */ = {
			isa = PBXShellScriptBuildPhase;
			buildActionMask = 2147483647;
			files = (
			);
			inputFileListPaths = (
			);
			inputPaths = (
				"${PODS_PODFILE_DIR_PATH}/Podfile.lock",
				"${PODS_ROOT}/Manifest.lock",
			);
			name = "[CP] Check Pods Manifest.lock";
			outputFileListPaths = (
			);
			outputPaths = (
				"$(DERIVED_FILE_DIR)/Pods-Challenge-checkManifestLockResult.txt",
			);
			runOnlyForDeploymentPostprocessing = 0;
			shellPath = /bin/sh;
			shellScript = "diff \"${PODS_PODFILE_DIR_PATH}/Podfile.lock\" \"${PODS_ROOT}/Manifest.lock\" > /dev/null\nif [ $? != 0 ] ; then\n    # print error to STDERR\n    echo \"error: The sandbox is not in sync with the Podfile.lock. Run 'pod install' or update your CocoaPods installation.\" >&2\n    exit 1\nfi\n# This output is used by Xcode 'outputs' to avoid re-running this script phase.\necho \"SUCCESS\" > \"${SCRIPT_OUTPUT_FILE_0}\"\n";
			showEnvVarsInLog = 0;
		};
/* End PBXShellScriptBuildPhase section */

/* Begin PBXSourcesBuildPhase section */
		6273637128FA13E20022EA8E /* Sources */ = {
			isa = PBXSourcesBuildPhase;
			buildActionMask = 2147483647;
			files = (
				62B6E36328FE846500B6838D /* ListPresenter.swift in Sources */,
				62B6E36128FE841400B6838D /* ListRouter.swift in Sources */,
				6273637928FA13E20022EA8E /* AppDelegate.swift in Sources */,
				62B6E38828FF57F400B6838D /* FavoriteListInteractor.swift in Sources */,
				62BDC68328FCA8DA00AC69B4 /* UITableViewCell+ReusableCell.swift in Sources */,
				62C958EF2900444E0028CDAF /* Endpoint+SearchMovies.swift in Sources */,
				62AFC83D2901E3FE00786839 /* Identifiers.swift in Sources */,
				62BDC66928FA222600AC69B4 /* EndpointProtocol.swift in Sources */,
				62B6E38628FF57F400B6838D /* FavoriteListPresenter.swift in Sources */,
				62BDC67628FCA5A000AC69B4 /* ListTableViewController.swift in Sources */,
				62B6E37128FF349B00B6838D /* MovieDetailRouter.swift in Sources */,
				62B6E36F28FF1EED00B6838D /* GenresModel.swift in Sources */,
				62B6E38A28FF5F9400B6838D /* CoreDataManager.swift in Sources */,
				62C958FC290054940028CDAF /* FilterGenresTableViewController.swift in Sources */,
				6273637B28FA13E20022EA8E /* SceneDelegate.swift in Sources */,
				62B6E35728FE7FEB00B6838D /* BaseViewController.swift in Sources */,
				62BDC68528FCA8E900AC69B4 /* UICollectionViewCell+ReusableCell.swift in Sources */,
				62B6E38328FF57F400B6838D /* FavoriteListContract.swift in Sources */,
				62C958F629004E160028CDAF /* UIView.swift in Sources */,
				62B6E36D28FF1DC400B6838D /* IdNameModel.swift in Sources */,
				62BDC68B28FCABC600AC69B4 /* Fonts.swift in Sources */,
				62C958FA290051F60028CDAF /* FilterTableViewCell.swift in Sources */,
				62C958FE29005CA30028CDAF /* IdNameSelectModel.swift in Sources */,
				62BDC66C28FA28BF00AC69B4 /* Endpoint+PopularMovies.swift in Sources */,
				62BDC66728FA20DD00AC69B4 /* ApiClient.swift in Sources */,
				62B6E36B28FF1D9B00B6838D /* Endpoint+Genres.swift in Sources */,
				62B6E35D28FE81EB00B6838D /* ListViewModel.swift in Sources */,
				62B6E36928FEF4DE00B6838D /* MovieDetailBuilder.swift in Sources */,
				62B6E36528FEE67E00B6838D /* MovieDetailContract.swift in Sources */,
				62BDC68828FCAA8500AC69B4 /* Colors.swift in Sources */,
				62B6E37528FF37A400B6838D /* MovieDetailPresenter.swift in Sources */,
				62B6E38128FF57F400B6838D /* FavoriteTableViewCell.swift in Sources */,
				62B6E35928FE808100B6838D /* UIColor+Extensions.swift in Sources */,
				62B6E35528FE7FDC00B6838D /* LoadingViewController.swift in Sources */,
				62BDC68128FCA8C800AC69B4 /* ReusableView.swift in Sources */,
				62C958F229004A1C0028CDAF /* FilterViewController.swift in Sources */,
				62B6E35B28FE814400B6838D /* ListContract.swift in Sources */,
				62B6E36728FEE78200B6838D /* MovieDetailViewController.swift in Sources */,
				62B6E37728FF3B6500B6838D /* MovieDetailViewModel.swift in Sources */,
				62C958F429004ADF0028CDAF /* FilterView.swift in Sources */,
				62B6E35F28FE840D00B6838D /* ListBuilder.swift in Sources */,
				62BDC67128FA2C0900AC69B4 /* MovieModel.swift in Sources */,
				62B6E38528FF57F400B6838D /* FavoriteListBuilder.swift in Sources */,
				62B6E37328FF379B00B6838D /* MovieDetailInteractor.swift in Sources */,
				62BDC67828FCA5D000AC69B4 /* ListInteractor.swift in Sources */,
				62BDC67D28FCA7F600AC69B4 /* ItemCollectionViewCell.swift in Sources */,
				62B6E38728FF57F400B6838D /* FavoriteListRouter.swift in Sources */,
				62BDC66F28FA2AE300AC69B4 /* PageWrapperModel.swift in Sources */,
				62B6E38428FF57F400B6838D /* FavoriteListViewModel.swift in Sources */,
				62BDC69128FDAE7D00AC69B4 /* Challenge.xcdatamodeld in Sources */,
				62BDC67328FA2F9D00AC69B4 /* MainTabViewController.swift in Sources */,
				62B6E38228FF57F400B6838D /* FavoriteListTableViewController.swift in Sources */,
				62C958F8290051570028CDAF /* FilterDateTableViewController.swift in Sources */,
			);
			runOnlyForDeploymentPostprocessing = 0;
		};
		6273638728FA13E40022EA8E /* Sources */ = {
			isa = PBXSourcesBuildPhase;
			buildActionMask = 2147483647;
			files = (
				62AFC8392900883A00786839 /* CoreDataManagerMock.swift in Sources */,
				62AFC8342900856200786839 /* ListInteractorTests.swift in Sources */,
				62AFC83B29008AA100786839 /* ApiClientMock.swift in Sources */,
				62AFC8372900862100786839 /* ListPresenterMock.swift in Sources */,
			);
			runOnlyForDeploymentPostprocessing = 0;
		};
		6273639128FA13E50022EA8E /* Sources */ = {
			isa = PBXSourcesBuildPhase;
			buildActionMask = 2147483647;
			files = (
				6273639A28FA13E50022EA8E /* ChallengeUITests.swift in Sources */,
			);
			runOnlyForDeploymentPostprocessing = 0;
		};
/* End PBXSourcesBuildPhase section */

/* Begin PBXTargetDependency section */
		6273638D28FA13E50022EA8E /* PBXTargetDependency */ = {
			isa = PBXTargetDependency;
			target = 6273637428FA13E20022EA8E /* Challenge */;
			targetProxy = 6273638C28FA13E50022EA8E /* PBXContainerItemProxy */;
		};
		6273639728FA13E50022EA8E /* PBXTargetDependency */ = {
			isa = PBXTargetDependency;
			target = 6273637428FA13E20022EA8E /* Challenge */;
			targetProxy = 6273639628FA13E50022EA8E /* PBXContainerItemProxy */;
		};
/* End PBXTargetDependency section */

/* Begin PBXVariantGroup section */
		6273638328FA13E40022EA8E /* LaunchScreen.storyboard */ = {
			isa = PBXVariantGroup;
			children = (
				6273638428FA13E40022EA8E /* Base */,
			);
			name = LaunchScreen.storyboard;
			sourceTree = "<group>";
		};
/* End PBXVariantGroup section */

/* Begin XCBuildConfiguration section */
		6273639D28FA13E50022EA8E /* Debug */ = {
			isa = XCBuildConfiguration;
			buildSettings = {
				ALWAYS_SEARCH_USER_PATHS = NO;
				CLANG_ANALYZER_NONNULL = YES;
				CLANG_ANALYZER_NUMBER_OBJECT_CONVERSION = YES_AGGRESSIVE;
				CLANG_CXX_LANGUAGE_STANDARD = "gnu++17";
				CLANG_ENABLE_MODULES = YES;
				CLANG_ENABLE_OBJC_ARC = YES;
				CLANG_ENABLE_OBJC_WEAK = YES;
				CLANG_WARN_BLOCK_CAPTURE_AUTORELEASING = YES;
				CLANG_WARN_BOOL_CONVERSION = YES;
				CLANG_WARN_COMMA = YES;
				CLANG_WARN_CONSTANT_CONVERSION = YES;
				CLANG_WARN_DEPRECATED_OBJC_IMPLEMENTATIONS = YES;
				CLANG_WARN_DIRECT_OBJC_ISA_USAGE = YES_ERROR;
				CLANG_WARN_DOCUMENTATION_COMMENTS = YES;
				CLANG_WARN_EMPTY_BODY = YES;
				CLANG_WARN_ENUM_CONVERSION = YES;
				CLANG_WARN_INFINITE_RECURSION = YES;
				CLANG_WARN_INT_CONVERSION = YES;
				CLANG_WARN_NON_LITERAL_NULL_CONVERSION = YES;
				CLANG_WARN_OBJC_IMPLICIT_RETAIN_SELF = YES;
				CLANG_WARN_OBJC_LITERAL_CONVERSION = YES;
				CLANG_WARN_OBJC_ROOT_CLASS = YES_ERROR;
				CLANG_WARN_QUOTED_INCLUDE_IN_FRAMEWORK_HEADER = YES;
				CLANG_WARN_RANGE_LOOP_ANALYSIS = YES;
				CLANG_WARN_STRICT_PROTOTYPES = YES;
				CLANG_WARN_SUSPICIOUS_MOVE = YES;
				CLANG_WARN_UNGUARDED_AVAILABILITY = YES_AGGRESSIVE;
				CLANG_WARN_UNREACHABLE_CODE = YES;
				CLANG_WARN__DUPLICATE_METHOD_MATCH = YES;
				COPY_PHASE_STRIP = NO;
				DEBUG_INFORMATION_FORMAT = dwarf;
				ENABLE_STRICT_OBJC_MSGSEND = YES;
				ENABLE_TESTABILITY = YES;
				GCC_C_LANGUAGE_STANDARD = gnu11;
				GCC_DYNAMIC_NO_PIC = NO;
				GCC_NO_COMMON_BLOCKS = YES;
				GCC_OPTIMIZATION_LEVEL = 0;
				GCC_PREPROCESSOR_DEFINITIONS = (
					"DEBUG=1",
					"$(inherited)",
				);
				GCC_WARN_64_TO_32_BIT_CONVERSION = YES;
				GCC_WARN_ABOUT_RETURN_TYPE = YES_ERROR;
				GCC_WARN_UNDECLARED_SELECTOR = YES;
				GCC_WARN_UNINITIALIZED_AUTOS = YES_AGGRESSIVE;
				GCC_WARN_UNUSED_FUNCTION = YES;
				GCC_WARN_UNUSED_VARIABLE = YES;
				IPHONEOS_DEPLOYMENT_TARGET = 15.5;
				MTL_ENABLE_DEBUG_INFO = INCLUDE_SOURCE;
				MTL_FAST_MATH = YES;
				ONLY_ACTIVE_ARCH = YES;
				SDKROOT = iphoneos;
				SWIFT_ACTIVE_COMPILATION_CONDITIONS = DEBUG;
				SWIFT_OPTIMIZATION_LEVEL = "-Onone";
			};
			name = Debug;
		};
		6273639E28FA13E50022EA8E /* Release */ = {
			isa = XCBuildConfiguration;
			buildSettings = {
				ALWAYS_SEARCH_USER_PATHS = NO;
				CLANG_ANALYZER_NONNULL = YES;
				CLANG_ANALYZER_NUMBER_OBJECT_CONVERSION = YES_AGGRESSIVE;
				CLANG_CXX_LANGUAGE_STANDARD = "gnu++17";
				CLANG_ENABLE_MODULES = YES;
				CLANG_ENABLE_OBJC_ARC = YES;
				CLANG_ENABLE_OBJC_WEAK = YES;
				CLANG_WARN_BLOCK_CAPTURE_AUTORELEASING = YES;
				CLANG_WARN_BOOL_CONVERSION = YES;
				CLANG_WARN_COMMA = YES;
				CLANG_WARN_CONSTANT_CONVERSION = YES;
				CLANG_WARN_DEPRECATED_OBJC_IMPLEMENTATIONS = YES;
				CLANG_WARN_DIRECT_OBJC_ISA_USAGE = YES_ERROR;
				CLANG_WARN_DOCUMENTATION_COMMENTS = YES;
				CLANG_WARN_EMPTY_BODY = YES;
				CLANG_WARN_ENUM_CONVERSION = YES;
				CLANG_WARN_INFINITE_RECURSION = YES;
				CLANG_WARN_INT_CONVERSION = YES;
				CLANG_WARN_NON_LITERAL_NULL_CONVERSION = YES;
				CLANG_WARN_OBJC_IMPLICIT_RETAIN_SELF = YES;
				CLANG_WARN_OBJC_LITERAL_CONVERSION = YES;
				CLANG_WARN_OBJC_ROOT_CLASS = YES_ERROR;
				CLANG_WARN_QUOTED_INCLUDE_IN_FRAMEWORK_HEADER = YES;
				CLANG_WARN_RANGE_LOOP_ANALYSIS = YES;
				CLANG_WARN_STRICT_PROTOTYPES = YES;
				CLANG_WARN_SUSPICIOUS_MOVE = YES;
				CLANG_WARN_UNGUARDED_AVAILABILITY = YES_AGGRESSIVE;
				CLANG_WARN_UNREACHABLE_CODE = YES;
				CLANG_WARN__DUPLICATE_METHOD_MATCH = YES;
				COPY_PHASE_STRIP = NO;
				DEBUG_INFORMATION_FORMAT = "dwarf-with-dsym";
				ENABLE_NS_ASSERTIONS = NO;
				ENABLE_STRICT_OBJC_MSGSEND = YES;
				GCC_C_LANGUAGE_STANDARD = gnu11;
				GCC_NO_COMMON_BLOCKS = YES;
				GCC_WARN_64_TO_32_BIT_CONVERSION = YES;
				GCC_WARN_ABOUT_RETURN_TYPE = YES_ERROR;
				GCC_WARN_UNDECLARED_SELECTOR = YES;
				GCC_WARN_UNINITIALIZED_AUTOS = YES_AGGRESSIVE;
				GCC_WARN_UNUSED_FUNCTION = YES;
				GCC_WARN_UNUSED_VARIABLE = YES;
				IPHONEOS_DEPLOYMENT_TARGET = 15.5;
				MTL_ENABLE_DEBUG_INFO = NO;
				MTL_FAST_MATH = YES;
				SDKROOT = iphoneos;
				SWIFT_COMPILATION_MODE = wholemodule;
				SWIFT_OPTIMIZATION_LEVEL = "-O";
				VALIDATE_PRODUCT = YES;
			};
			name = Release;
		};
		627363A028FA13E50022EA8E /* Debug */ = {
			isa = XCBuildConfiguration;
			baseConfigurationReference = 55032D2BFE03C667CAA7993E /* Pods-Challenge.debug.xcconfig */;
			buildSettings = {
				ASSETCATALOG_COMPILER_APPICON_NAME = AppIcon;
				ASSETCATALOG_COMPILER_GLOBAL_ACCENT_COLOR_NAME = AccentColor;
				CODE_SIGN_STYLE = Automatic;
				CURRENT_PROJECT_VERSION = 1;
				DEVELOPMENT_TEAM = 6S9K3CKM99;
				GENERATE_INFOPLIST_FILE = YES;
				INFOPLIST_FILE = Challenge/Info.plist;
				INFOPLIST_KEY_UIApplicationSupportsIndirectInputEvents = YES;
				INFOPLIST_KEY_UILaunchStoryboardName = LaunchScreen;
				INFOPLIST_KEY_UISupportedInterfaceOrientations_iPad = "UIInterfaceOrientationPortrait UIInterfaceOrientationPortraitUpsideDown UIInterfaceOrientationLandscapeLeft UIInterfaceOrientationLandscapeRight";
				INFOPLIST_KEY_UISupportedInterfaceOrientations_iPhone = "UIInterfaceOrientationPortrait UIInterfaceOrientationLandscapeLeft UIInterfaceOrientationLandscapeRight";
				LD_RUNPATH_SEARCH_PATHS = (
					"$(inherited)",
					"@executable_path/Frameworks",
				);
				MARKETING_VERSION = 1.0;
				PRODUCT_BUNDLE_IDENTIFIER = com.dazen.Challenge;
				PRODUCT_NAME = "$(TARGET_NAME)";
				SWIFT_EMIT_LOC_STRINGS = YES;
				SWIFT_VERSION = 5.0;
				TARGETED_DEVICE_FAMILY = "1,2";
			};
			name = Debug;
		};
		627363A128FA13E50022EA8E /* Release */ = {
			isa = XCBuildConfiguration;
			baseConfigurationReference = 501DF8098D193F01F5CE4771 /* Pods-Challenge.release.xcconfig */;
			buildSettings = {
				ASSETCATALOG_COMPILER_APPICON_NAME = AppIcon;
				ASSETCATALOG_COMPILER_GLOBAL_ACCENT_COLOR_NAME = AccentColor;
				CODE_SIGN_STYLE = Automatic;
				CURRENT_PROJECT_VERSION = 1;
				DEVELOPMENT_TEAM = 6S9K3CKM99;
				GENERATE_INFOPLIST_FILE = YES;
				INFOPLIST_FILE = Challenge/Info.plist;
				INFOPLIST_KEY_UIApplicationSupportsIndirectInputEvents = YES;
				INFOPLIST_KEY_UILaunchStoryboardName = LaunchScreen;
				INFOPLIST_KEY_UISupportedInterfaceOrientations_iPad = "UIInterfaceOrientationPortrait UIInterfaceOrientationPortraitUpsideDown UIInterfaceOrientationLandscapeLeft UIInterfaceOrientationLandscapeRight";
				INFOPLIST_KEY_UISupportedInterfaceOrientations_iPhone = "UIInterfaceOrientationPortrait UIInterfaceOrientationLandscapeLeft UIInterfaceOrientationLandscapeRight";
				LD_RUNPATH_SEARCH_PATHS = (
					"$(inherited)",
					"@executable_path/Frameworks",
				);
				MARKETING_VERSION = 1.0;
				PRODUCT_BUNDLE_IDENTIFIER = com.dazen.Challenge;
				PRODUCT_NAME = "$(TARGET_NAME)";
				SWIFT_EMIT_LOC_STRINGS = YES;
				SWIFT_VERSION = 5.0;
				TARGETED_DEVICE_FAMILY = "1,2";
			};
			name = Release;
		};
		627363A328FA13E50022EA8E /* Debug */ = {
			isa = XCBuildConfiguration;
			baseConfigurationReference = 6C78195972CC44823340AD61 /* Pods-ChallengeTests.debug.xcconfig */;
			buildSettings = {
				ALWAYS_EMBED_SWIFT_STANDARD_LIBRARIES = YES;
				BUNDLE_LOADER = "$(TEST_HOST)";
				CODE_SIGN_STYLE = Automatic;
				CURRENT_PROJECT_VERSION = 1;
				DEVELOPMENT_TEAM = 6S9K3CKM99;
				GENERATE_INFOPLIST_FILE = YES;
				IPHONEOS_DEPLOYMENT_TARGET = 15.5;
				MARKETING_VERSION = 1.0;
				PRODUCT_BUNDLE_IDENTIFIER = com.dazen.ChallengeTests;
				PRODUCT_NAME = "$(TARGET_NAME)";
				SWIFT_EMIT_LOC_STRINGS = NO;
				SWIFT_VERSION = 5.0;
				TARGETED_DEVICE_FAMILY = "1,2";
				TEST_HOST = "$(BUILT_PRODUCTS_DIR)/Challenge.app/Challenge";
			};
			name = Debug;
		};
		627363A428FA13E50022EA8E /* Release */ = {
			isa = XCBuildConfiguration;
			baseConfigurationReference = 6DB4B33E39B5168016C7A104 /* Pods-ChallengeTests.release.xcconfig */;
			buildSettings = {
				ALWAYS_EMBED_SWIFT_STANDARD_LIBRARIES = YES;
				BUNDLE_LOADER = "$(TEST_HOST)";
				CODE_SIGN_STYLE = Automatic;
				CURRENT_PROJECT_VERSION = 1;
				DEVELOPMENT_TEAM = 6S9K3CKM99;
				GENERATE_INFOPLIST_FILE = YES;
				IPHONEOS_DEPLOYMENT_TARGET = 15.5;
				MARKETING_VERSION = 1.0;
				PRODUCT_BUNDLE_IDENTIFIER = com.dazen.ChallengeTests;
				PRODUCT_NAME = "$(TARGET_NAME)";
				SWIFT_EMIT_LOC_STRINGS = NO;
				SWIFT_VERSION = 5.0;
				TARGETED_DEVICE_FAMILY = "1,2";
				TEST_HOST = "$(BUILT_PRODUCTS_DIR)/Challenge.app/Challenge";
			};
			name = Release;
		};
		627363A628FA13E50022EA8E /* Debug */ = {
			isa = XCBuildConfiguration;
			baseConfigurationReference = 4B0EF07D700D83C4208133EB /* Pods-Challenge-ChallengeUITests.debug.xcconfig */;
			buildSettings = {
				ALWAYS_EMBED_SWIFT_STANDARD_LIBRARIES = YES;
				CODE_SIGN_STYLE = Automatic;
				CURRENT_PROJECT_VERSION = 1;
				DEVELOPMENT_TEAM = 6S9K3CKM99;
				GENERATE_INFOPLIST_FILE = YES;
				MARKETING_VERSION = 1.0;
				PRODUCT_BUNDLE_IDENTIFIER = com.dazen.ChallengeUITests;
				PRODUCT_NAME = "$(TARGET_NAME)";
				SWIFT_EMIT_LOC_STRINGS = NO;
				SWIFT_VERSION = 5.0;
				TARGETED_DEVICE_FAMILY = "1,2";
				TEST_TARGET_NAME = Challenge;
			};
			name = Debug;
		};
		627363A728FA13E50022EA8E /* Release */ = {
			isa = XCBuildConfiguration;
			baseConfigurationReference = B361074184464E6304D08478 /* Pods-Challenge-ChallengeUITests.release.xcconfig */;
			buildSettings = {
				ALWAYS_EMBED_SWIFT_STANDARD_LIBRARIES = YES;
				CODE_SIGN_STYLE = Automatic;
				CURRENT_PROJECT_VERSION = 1;
				DEVELOPMENT_TEAM = 6S9K3CKM99;
				GENERATE_INFOPLIST_FILE = YES;
				MARKETING_VERSION = 1.0;
				PRODUCT_BUNDLE_IDENTIFIER = com.dazen.ChallengeUITests;
				PRODUCT_NAME = "$(TARGET_NAME)";
				SWIFT_EMIT_LOC_STRINGS = NO;
				SWIFT_VERSION = 5.0;
				TARGETED_DEVICE_FAMILY = "1,2";
				TEST_TARGET_NAME = Challenge;
			};
			name = Release;
		};
/* End XCBuildConfiguration section */

/* Begin XCConfigurationList section */
		6273637028FA13E20022EA8E /* Build configuration list for PBXProject "Challenge" */ = {
			isa = XCConfigurationList;
			buildConfigurations = (
				6273639D28FA13E50022EA8E /* Debug */,
				6273639E28FA13E50022EA8E /* Release */,
			);
			defaultConfigurationIsVisible = 0;
			defaultConfigurationName = Release;
		};
		6273639F28FA13E50022EA8E /* Build configuration list for PBXNativeTarget "Challenge" */ = {
			isa = XCConfigurationList;
			buildConfigurations = (
				627363A028FA13E50022EA8E /* Debug */,
				627363A128FA13E50022EA8E /* Release */,
			);
			defaultConfigurationIsVisible = 0;
			defaultConfigurationName = Release;
		};
		627363A228FA13E50022EA8E /* Build configuration list for PBXNativeTarget "ChallengeTests" */ = {
			isa = XCConfigurationList;
			buildConfigurations = (
				627363A328FA13E50022EA8E /* Debug */,
				627363A428FA13E50022EA8E /* Release */,
			);
			defaultConfigurationIsVisible = 0;
			defaultConfigurationName = Release;
		};
		627363A528FA13E50022EA8E /* Build configuration list for PBXNativeTarget "ChallengeUITests" */ = {
			isa = XCConfigurationList;
			buildConfigurations = (
				627363A628FA13E50022EA8E /* Debug */,
				627363A728FA13E50022EA8E /* Release */,
			);
			defaultConfigurationIsVisible = 0;
			defaultConfigurationName = Release;
		};
/* End XCConfigurationList section */

/* Begin XCVersionGroup section */
		62BDC68F28FDAE7D00AC69B4 /* Challenge.xcdatamodeld */ = {
			isa = XCVersionGroup;
			children = (
				62BDC69028FDAE7D00AC69B4 /* Challenge.xcdatamodel */,
			);
			currentVersion = 62BDC69028FDAE7D00AC69B4 /* Challenge.xcdatamodel */;
			path = Challenge.xcdatamodeld;
			sourceTree = "<group>";
			versionGroupType = wrapper.xcdatamodel;
		};
/* End XCVersionGroup section */
	};
	rootObject = 6273636D28FA13E20022EA8E /* Project object */;
}
